<?xml version="1.0" encoding="utf-8"?>
<Project ToolsVersion="4.0" xmlns="http://schemas.microsoft.com/developer/msbuild/2003">
  <ItemGroup>
    <Filter Include="Source Files">
      <UniqueIdentifier>{4FC737F1-C7A5-4376-A066-2A32D752A2FF}</UniqueIdentifier>
      <Extensions>cpp;c;cc;cxx;def;odl;idl;hpj;bat;asm;asmx</Extensions>
    </Filter>
    <Filter Include="Header Files">
      <UniqueIdentifier>{93995380-89BD-4b04-88EB-625FBE52EBFB}</UniqueIdentifier>
      <Extensions>h;hpp;hxx;hm;inl;inc;xsd</Extensions>
    </Filter>
    <Filter Include="Resource Files">
      <UniqueIdentifier>{67DA6AB6-F800-4c08-8B7A-83BB121AAD01}</UniqueIdentifier>
      <Extensions>rc;ico;cur;bmp;dlg;rc2;rct;bin;rgs;gif;jpg;jpeg;jpe;resx;tiff;tif;png;wav</Extensions>
    </Filter>
    <Filter Include="SysInfo">
      <UniqueIdentifier>{da0c1f4d-cd0e-4bc4-9fb3-a4f057568f56}</UniqueIdentifier>
    </Filter>
  </ItemGroup>
  <ItemGroup>
    <ClCompile Include="ConfigHandle.cpp">
      <Filter>Source Files</Filter>
    </ClCompile>
    <ClCompile Include="CrashReport.cpp">
      <Filter>Source Files</Filter>
    </ClCompile>
    <ClCompile Include="DataConvert.cpp">
      <Filter>Source Files</Filter>
    </ClCompile>
    <ClCompile Include="DumpInfo.cpp">
      <Filter>Source Files</Filter>
    </ClCompile>
    <ClCompile Include="Src\Export.cpp">
      <Filter>Source Files</Filter>
    </ClCompile>
    <ClCompile Include="GlobalSet.cpp">
      <Filter>Source Files</Filter>
    </ClCompile>
    <ClCompile Include="Net_Ftp_Handle.cpp">
      <Filter>Source Files</Filter>
    </ClCompile>
    <ClCompile Include="ReportHandle.cpp">
      <Filter>Source Files</Filter>
    </ClCompile>
    <ClCompile Include="SysInfo\BaseInfo.cpp">
      <Filter>SysInfo</Filter>
    </ClCompile>
    <ClCompile Include="SysInfo\CpuInfo.cpp">
      <Filter>SysInfo</Filter>
    </ClCompile>
    <ClCompile Include="SysInfo\FileInfo.cpp">
      <Filter>SysInfo</Filter>
    </ClCompile>
    <ClCompile Include="SysInfo\ModuleInfo.cpp">
      <Filter>SysInfo</Filter>
    </ClCompile>
    <ClCompile Include="SysInfo\ModuleList.cpp">
      <Filter>SysInfo</Filter>
    </ClCompile>
    <ClCompile Include="SysInfo\StackInfo.cpp">
      <Filter>SysInfo</Filter>
    </ClCompile>
    <ClCompile Include="SysInfo\SystemInfo.cpp">
      <Filter>SysInfo</Filter>
    </ClCompile>
  </ItemGroup>
  <ItemGroup>
    <ClInclude Include="ConfigHandle.h">
      <Filter>Header Files</Filter>
    </ClInclude>
    <ClInclude Include="DataConvert.h">
      <Filter>Header Files</Filter>
    </ClInclude>
    <ClInclude Include="DumpInfo.h">
      <Filter>Header Files</Filter>
    </ClInclude>
    <ClInclude Include="Include\CrashReport\Export.h">
      <Filter>Header Files</Filter>
    </ClInclude>
    <ClInclude Include="GlobalSet.h">
      <Filter>Header Files</Filter>
    </ClInclude>
    <ClInclude Include="Net_Ftp_Handle.h">
      <Filter>Header Files</Filter>
    </ClInclude>
    <ClInclude Include="ReportHandle.h">
      <Filter>Header Files</Filter>
    </ClInclude>
    <ClInclude Include="Resource.h">
      <Filter>Header Files</Filter>
    </ClInclude>
    <ClInclude Include="SysInfo\BaseInfo.h">
      <Filter>SysInfo</Filter>
    </ClInclude>
    <ClInclude Include="SysInfo\CpuInfo.h">
      <Filter>SysInfo</Filter>
    </ClInclude>
    <ClInclude Include="SysInfo\FileInfo.h">
      <Filter>SysInfo</Filter>
    </ClInclude>
    <ClInclude Include="SysInfo\ModuleInfo.h">
      <Filter>SysInfo</Filter>
    </ClInclude>
    <ClInclude Include="SysInfo\ModuleList.h">
      <Filter>SysInfo</Filter>
    </ClInclude>
    <ClInclude Include="SysInfo\StackInfo.h">
      <Filter>SysInfo</Filter>
    </ClInclude>
    <ClInclude Include="SysInfo\SystemInfo.h">
      <Filter>SysInfo</Filter>
    </ClInclude>
    <ClInclude Include="d3dx9.h">
      <Filter>Header Files</Filter>
    </ClInclude>
  </ItemGroup>
  <ItemGroup>
    <ResourceCompile Include="CrashReport.rc">
      <Filter>Resource Files</Filter>
    </ResourceCompile>
  </ItemGroup>
  <ItemGroup>
    <None Include="ReadMe.txt" />
  </ItemGroup>
</Project>